
Microsoft Visual Studio Solution File, Format Version 12.00
# Visual Studio Version 16
VisualStudioVersion = 25.0.1706.7
MinimumVisualStudioVersion = 10.0.40219.1
Project("{FAE04EC0-301F-11D3-BF4B-00C04F79EFBC}") = "TestNavigationPage", "TestNavigationPage\TestNavigationPage.csproj", "{C23F0E2A-B364-4944-9D47-17528AD6C7B0}"
EndProject
Global
	GlobalSection(SolutionConfigurationPlatforms) = preSolution
		Debug|Any CPU = Debug|Any CPU
		Release|Any CPU = Release|Any CPU
	EndGlobalSection
	GlobalSection(ProjectConfigurationPlatforms) = postSolution
		{C23F0E2A-B364-4944-9D47-17528AD6C7B0}.Debug|Any CPU.ActiveCfg = Debug|Any CPU
		{C23F0E2A-B364-4944-9D47-17528AD6C7B0}.Debug|Any CPU.Build.0 = Debug|Any CPU
		{C23F0E2A-B364-4944-9D47-17528AD6C7B0}.Release|Any CPU.ActiveCfg = Release|Any CPU
		{C23F0E2A-B364-4944-9D47-17528AD6C7B0}.Release|Any CPU.Build.0 = Release|Any CPU
	EndGlobalSection
	GlobalSection(SolutionProperties) = preSolution
		HideSolutionNode = FALSE
	EndGlobalSection
	GlobalSection(ExtensibilityGlobals) = postSolution
		SolutionGuid = {801217B7-062B-4D99-B5EE-9345AE1E6AB7}
	EndGlobalSection
EndGlobal
